
Microsoft Visual Studio Solution File, Format Version 11.00
# Visual Studio 2010
Project("{2150E333-8FDC-42A3-9474-1A3956D46DE8}") = "Presentation", "Presentation", "{F65CA626-6824-4F46-B9DE-8310C78B9D0B}"
EndProject
Project("{2150E333-8FDC-42A3-9474-1A3956D46DE8}") = "Application", "Application", "{72F24324-442C-456C-864C-31B00FCA1319}"
EndProject
Project("{2150E333-8FDC-42A3-9474-1A3956D46DE8}") = "Domain", "Domain", "{34F6C63D-0C6A-4189-BB57-AEF34DF14FC7}"
EndProject
Project("{2150E333-8FDC-42A3-9474-1A3956D46DE8}") = "Infrastructure", "Infrastructure", "{AD7F660D-F20A-4818-AC11-D66FDFA296AB}"
EndProject
Project("{2150E333-8FDC-42A3-9474-1A3956D46DE8}") = "Data", "Data", "{44CD9AF5-D50F-4793-A8A9-C4A0A3568BE9}"
EndProject
Project("{2150E333-8FDC-42A3-9474-1A3956D46DE8}") = "Cross Cutting", "Cross Cutting", "{B039C63D-4C77-4347-9636-13E5F50E35EF}"
EndProject
Project("{FAE04EC0-301F-11D3-BF4B-00C04F79EFBC}") = "Infrastructure.Data.Core", "Infrastructure.Data.Core\Infrastructure.Data.Core.csproj", "{98150D03-B191-476D-B192-B5B755E26E8E}"
EndProject
Project("{FAE04EC0-301F-11D3-BF4B-00C04F79EFBC}") = "Infrastructure.CrossCutting.IoC", "Infrastructure.CrossCutting.IoC\Infrastructure.CrossCutting.IoC.csproj", "{59814C32-5A3B-4AEE-94FA-502EA57CDF70}"
EndProject
Project("{FAE04EC0-301F-11D3-BF4B-00C04F79EFBC}") = "Infrastructure.CrossCutting", "Infrastructure.CrossCutting\Infrastructure.CrossCutting.csproj", "{74F0E6EA-1810-4088-B4C5-3941A739D640}"
EndProject
Project("{FAE04EC0-301F-11D3-BF4B-00C04F79EFBC}") = "Domain.Core", "Domain.Core\Domain.Core.csproj", "{D7E981BB-19E7-4D85-A24B-D4295BAF87CD}"
EndProject
Project("{FAE04EC0-301F-11D3-BF4B-00C04F79EFBC}") = "Domain.Core.Entities", "Domain.Core.Entities\Domain.Core.Entities.csproj", "{5A3A2291-4220-4BDC-94C0-F48AB18ED0BD}"
EndProject
Project("{FAE04EC0-301F-11D3-BF4B-00C04F79EFBC}") = "Infrastructure.CrossCutting.NetFramework", "Infrastructure.CrossCutting.NetFramework\Infrastructure.CrossCutting.NetFramework.csproj", "{95A077DF-1201-40A2-A869-8E1FFE401E26}"
EndProject
Project("{FAE04EC0-301F-11D3-BF4B-00C04F79EFBC}") = "Domain.GGGETS.Entities", "Domain.Entities\Domain.GGGETS.Entities.csproj", "{6F82F34C-72F8-4C1F-9B41-2EE88C54AB01}"
EndProject
Project("{FAE04EC0-301F-11D3-BF4B-00C04F79EFBC}") = "Infrastructure.Data.Persistence", "Infrastructure.Data.Persistence\Infrastructure.Data.Persistence.csproj", "{F0CA02B9-6921-427D-85CB-A164C4939E82}"
EndProject
Project("{2150E333-8FDC-42A3-9474-1A3956D46DE8}") = "GGGETS", "GGGETS", "{EBA17721-864F-451E-BB67-A01B11D38D8F}"
EndProject
Project("{FAE04EC0-301F-11D3-BF4B-00C04F79EFBC}") = "Domain.GGGETS", "Domain.GGGETS\Domain.GGGETS.csproj", "{D97E400C-5C18-4414-9E53-6A660ED3395F}"
EndProject
Project("{FAE04EC0-301F-11D3-BF4B-00C04F79EFBC}") = "Application.GGETS", "Application.GGETS\Application.GGETS.csproj", "{C3975DEF-46C4-40AE-88E9-4ADF165B57CD}"
EndProject
Project("{FAE04EC0-301F-11D3-BF4B-00C04F79EFBC}") = "GGGETSAdmin", "GGGETSAdmin\GGGETSAdmin.csproj", "{E52B07FF-1164-4277-8100-2710CC6E9B46}"
EndProject
Project("{FAE04EC0-301F-11D3-BF4B-00C04F79EFBC}") = "GGGETSWeb", "GGGETSWeb\GGGETSWeb.csproj", "{5EFFEE08-89B7-45ED-8129-2D4D8B59D42F}"
EndProject
Project("{FAE04EC0-301F-11D3-BF4B-00C04F79EFBC}") = "Infrastructure.Data.Persistence.Test", "Infrastructure.Data.Persistence.Test\Infrastructure.Data.Persistence.Test.csproj", "{F5DBE90D-7F1C-4730-AF6F-C091B3A49425}"
EndProject
Project("{2150E333-8FDC-42A3-9474-1A3956D46DE8}") = "Solution Items", "Solution Items", "{4D4E92D5-18E8-460B-ACF3-83B19851E358}"
	ProjectSection(SolutionItems) = preProject
		GGGETSApp.vsmdi = GGGETSApp.vsmdi
		Local.testsettings = Local.testsettings
		TraceAndTestImpact.testsettings = TraceAndTestImpact.testsettings
	EndProjectSection
EndProject
Project("{2150E333-8FDC-42A3-9474-1A3956D46DE8}") = "Core", "Core", "{89A4111C-03EE-4A16-8B57-AB0BFA47E965}"
EndProject
Project("{FAE04EC0-301F-11D3-BF4B-00C04F79EFBC}") = "Application.GGETS.Tests", "Application.GGETS.Tests\Application.GGETS.Tests.csproj", "{28A4EBBE-D60D-421B-B0DF-DFE60E47F119}"
EndProject
Global
	GlobalSection(TestCaseManagementSettings) = postSolution
		CategoryFile = GGGETSApp.vsmdi
	EndGlobalSection
	GlobalSection(SolutionConfigurationPlatforms) = preSolution
		Debug|Any CPU = Debug|Any CPU
		Debug|Mixed Platforms = Debug|Mixed Platforms
		Debug|x86 = Debug|x86
		Release|Any CPU = Release|Any CPU
		Release|Mixed Platforms = Release|Mixed Platforms
		Release|x86 = Release|x86
	EndGlobalSection
	GlobalSection(ProjectConfigurationPlatforms) = postSolution
		{98150D03-B191-476D-B192-B5B755E26E8E}.Debug|Any CPU.ActiveCfg = Debug|Any CPU
		{98150D03-B191-476D-B192-B5B755E26E8E}.Debug|Any CPU.Build.0 = Debug|Any CPU
		{98150D03-B191-476D-B192-B5B755E26E8E}.Debug|Mixed Platforms.ActiveCfg = Debug|Any CPU
		{98150D03-B191-476D-B192-B5B755E26E8E}.Debug|Mixed Platforms.Build.0 = Debug|Any CPU
		{98150D03-B191-476D-B192-B5B755E26E8E}.Debug|x86.ActiveCfg = Debug|Any CPU
		{98150D03-B191-476D-B192-B5B755E26E8E}.Release|Any CPU.ActiveCfg = Release|Any CPU
		{98150D03-B191-476D-B192-B5B755E26E8E}.Release|Any CPU.Build.0 = Release|Any CPU
		{98150D03-B191-476D-B192-B5B755E26E8E}.Release|Mixed Platforms.ActiveCfg = Release|Any CPU
		{98150D03-B191-476D-B192-B5B755E26E8E}.Release|Mixed Platforms.Build.0 = Release|Any CPU
		{98150D03-B191-476D-B192-B5B755E26E8E}.Release|x86.ActiveCfg = Release|Any CPU
		{59814C32-5A3B-4AEE-94FA-502EA57CDF70}.Debug|Any CPU.ActiveCfg = Debug|Any CPU
		{59814C32-5A3B-4AEE-94FA-502EA57CDF70}.Debug|Any CPU.Build.0 = Debug|Any CPU
		{59814C32-5A3B-4AEE-94FA-502EA57CDF70}.Debug|Mixed Platforms.ActiveCfg = Debug|Any CPU
		{59814C32-5A3B-4AEE-94FA-502EA57CDF70}.Debug|Mixed Platforms.Build.0 = Debug|Any CPU
		{59814C32-5A3B-4AEE-94FA-502EA57CDF70}.Debug|x86.ActiveCfg = Debug|Any CPU
		{59814C32-5A3B-4AEE-94FA-502EA57CDF70}.Release|Any CPU.ActiveCfg = Release|Any CPU
		{59814C32-5A3B-4AEE-94FA-502EA57CDF70}.Release|Any CPU.Build.0 = Release|Any CPU
		{59814C32-5A3B-4AEE-94FA-502EA57CDF70}.Release|Mixed Platforms.ActiveCfg = Release|Any CPU
		{59814C32-5A3B-4AEE-94FA-502EA57CDF70}.Release|Mixed Platforms.Build.0 = Release|Any CPU
		{59814C32-5A3B-4AEE-94FA-502EA57CDF70}.Release|x86.ActiveCfg = Release|Any CPU
		{74F0E6EA-1810-4088-B4C5-3941A739D640}.Debug|Any CPU.ActiveCfg = Debug|Any CPU
		{74F0E6EA-1810-4088-B4C5-3941A739D640}.Debug|Any CPU.Build.0 = Debug|Any CPU
		{74F0E6EA-1810-4088-B4C5-3941A739D640}.Debug|Mixed Platforms.ActiveCfg = Debug|Any CPU
		{74F0E6EA-1810-4088-B4C5-3941A739D640}.Debug|Mixed Platforms.Build.0 = Debug|Any CPU
		{74F0E6EA-1810-4088-B4C5-3941A739D640}.Debug|x86.ActiveCfg = Debug|Any CPU
		{74F0E6EA-1810-4088-B4C5-3941A739D640}.Release|Any CPU.ActiveCfg = Release|Any CPU
		{74F0E6EA-1810-4088-B4C5-3941A739D640}.Release|Any CPU.Build.0 = Release|Any CPU
		{74F0E6EA-1810-4088-B4C5-3941A739D640}.Release|Mixed Platforms.ActiveCfg = Release|Any CPU
		{74F0E6EA-1810-4088-B4C5-3941A739D640}.Release|Mixed Platforms.Build.0 = Release|Any CPU
		{74F0E6EA-1810-4088-B4C5-3941A739D640}.Release|x86.ActiveCfg = Release|Any CPU
		{D7E981BB-19E7-4D85-A24B-D4295BAF87CD}.Debug|Any CPU.ActiveCfg = Debug|Any CPU
		{D7E981BB-19E7-4D85-A24B-D4295BAF87CD}.Debug|Any CPU.Build.0 = Debug|Any CPU
		{D7E981BB-19E7-4D85-A24B-D4295BAF87CD}.Debug|Mixed Platforms.ActiveCfg = Debug|Any CPU
		{D7E981BB-19E7-4D85-A24B-D4295BAF87CD}.Debug|Mixed Platforms.Build.0 = Debug|Any CPU
		{D7E981BB-19E7-4D85-A24B-D4295BAF87CD}.Debug|x86.ActiveCfg = Debug|Any CPU
		{D7E981BB-19E7-4D85-A24B-D4295BAF87CD}.Release|Any CPU.ActiveCfg = Release|Any CPU
		{D7E981BB-19E7-4D85-A24B-D4295BAF87CD}.Release|Any CPU.Build.0 = Release|Any CPU
		{D7E981BB-19E7-4D85-A24B-D4295BAF87CD}.Release|Mixed Platforms.ActiveCfg = Release|Any CPU
		{D7E981BB-19E7-4D85-A24B-D4295BAF87CD}.Release|Mixed Platforms.Build.0 = Release|Any CPU
		{D7E981BB-19E7-4D85-A24B-D4295BAF87CD}.Release|x86.ActiveCfg = Release|Any CPU
		{5A3A2291-4220-4BDC-94C0-F48AB18ED0BD}.Debug|Any CPU.ActiveCfg = Debug|Any CPU
		{5A3A2291-4220-4BDC-94C0-F48AB18ED0BD}.Debug|Any CPU.Build.0 = Debug|Any CPU
		{5A3A2291-4220-4BDC-94C0-F48AB18ED0BD}.Debug|Mixed Platforms.ActiveCfg = Debug|Any CPU
		{5A3A2291-4220-4BDC-94C0-F48AB18ED0BD}.Debug|Mixed Platforms.Build.0 = Debug|Any CPU
		{5A3A2291-4220-4BDC-94C0-F48AB18ED0BD}.Debug|x86.ActiveCfg = Debug|Any CPU
		{5A3A2291-4220-4BDC-94C0-F48AB18ED0BD}.Release|Any CPU.ActiveCfg = Release|Any CPU
		{5A3A2291-4220-4BDC-94C0-F48AB18ED0BD}.Release|Any CPU.Build.0 = Release|Any CPU
		{5A3A2291-4220-4BDC-94C0-F48AB18ED0BD}.Release|Mixed Platforms.ActiveCfg = Release|Any CPU
		{5A3A2291-4220-4BDC-94C0-F48AB18ED0BD}.Release|Mixed Platforms.Build.0 = Release|Any CPU
		{5A3A2291-4220-4BDC-94C0-F48AB18ED0BD}.Release|x86.ActiveCfg = Release|Any CPU
		{95A077DF-1201-40A2-A869-8E1FFE401E26}.Debug|Any CPU.ActiveCfg = Debug|Any CPU
		{95A077DF-1201-40A2-A869-8E1FFE401E26}.Debug|Any CPU.Build.0 = Debug|Any CPU
		{95A077DF-1201-40A2-A869-8E1FFE401E26}.Debug|Mixed Platforms.ActiveCfg = Debug|Any CPU
		{95A077DF-1201-40A2-A869-8E1FFE401E26}.Debug|Mixed Platforms.Build.0 = Debug|Any CPU
		{95A077DF-1201-40A2-A869-8E1FFE401E26}.Debug|x86.ActiveCfg = Debug|Any CPU
		{95A077DF-1201-40A2-A869-8E1FFE401E26}.Release|Any CPU.ActiveCfg = Release|Any CPU
		{95A077DF-1201-40A2-A869-8E1FFE401E26}.Release|Any CPU.Build.0 = Release|Any CPU
		{95A077DF-1201-40A2-A869-8E1FFE401E26}.Release|Mixed Platforms.ActiveCfg = Release|Any CPU
		{95A077DF-1201-40A2-A869-8E1FFE401E26}.Release|Mixed Platforms.Build.0 = Release|Any CPU
		{95A077DF-1201-40A2-A869-8E1FFE401E26}.Release|x86.ActiveCfg = Release|Any CPU
		{6F82F34C-72F8-4C1F-9B41-2EE88C54AB01}.Debug|Any CPU.ActiveCfg = Debug|Any CPU
		{6F82F34C-72F8-4C1F-9B41-2EE88C54AB01}.Debug|Any CPU.Build.0 = Debug|Any CPU
		{6F82F34C-72F8-4C1F-9B41-2EE88C54AB01}.Debug|Mixed Platforms.ActiveCfg = Debug|Any CPU
		{6F82F34C-72F8-4C1F-9B41-2EE88C54AB01}.Debug|Mixed Platforms.Build.0 = Debug|Any CPU
		{6F82F34C-72F8-4C1F-9B41-2EE88C54AB01}.Debug|x86.ActiveCfg = Debug|Any CPU
		{6F82F34C-72F8-4C1F-9B41-2EE88C54AB01}.Release|Any CPU.ActiveCfg = Release|Any CPU
		{6F82F34C-72F8-4C1F-9B41-2EE88C54AB01}.Release|Any CPU.Build.0 = Release|Any CPU
		{6F82F34C-72F8-4C1F-9B41-2EE88C54AB01}.Release|Mixed Platforms.ActiveCfg = Release|Any CPU
		{6F82F34C-72F8-4C1F-9B41-2EE88C54AB01}.Release|Mixed Platforms.Build.0 = Release|Any CPU
		{6F82F34C-72F8-4C1F-9B41-2EE88C54AB01}.Release|x86.ActiveCfg = Release|Any CPU
		{F0CA02B9-6921-427D-85CB-A164C4939E82}.Debug|Any CPU.ActiveCfg = Debug|Any CPU
		{F0CA02B9-6921-427D-85CB-A164C4939E82}.Debug|Any CPU.Build.0 = Debug|Any CPU
		{F0CA02B9-6921-427D-85CB-A164C4939E82}.Debug|Mixed Platforms.ActiveCfg = Debug|Any CPU
		{F0CA02B9-6921-427D-85CB-A164C4939E82}.Debug|Mixed Platforms.Build.0 = Debug|Any CPU
		{F0CA02B9-6921-427D-85CB-A164C4939E82}.Debug|x86.ActiveCfg = Debug|Any CPU
		{F0CA02B9-6921-427D-85CB-A164C4939E82}.Release|Any CPU.ActiveCfg = Release|Any CPU
		{F0CA02B9-6921-427D-85CB-A164C4939E82}.Release|Any CPU.Build.0 = Release|Any CPU
		{F0CA02B9-6921-427D-85CB-A164C4939E82}.Release|Mixed Platforms.ActiveCfg = Release|Any CPU
		{F0CA02B9-6921-427D-85CB-A164C4939E82}.Release|Mixed Platforms.Build.0 = Release|Any CPU
		{F0CA02B9-6921-427D-85CB-A164C4939E82}.Release|x86.ActiveCfg = Release|Any CPU
		{D97E400C-5C18-4414-9E53-6A660ED3395F}.Debug|Any CPU.ActiveCfg = Debug|x86
		{D97E400C-5C18-4414-9E53-6A660ED3395F}.Debug|Mixed Platforms.ActiveCfg = Debug|x86
		{D97E400C-5C18-4414-9E53-6A660ED3395F}.Debug|Mixed Platforms.Build.0 = Debug|x86
		{D97E400C-5C18-4414-9E53-6A660ED3395F}.Debug|x86.ActiveCfg = Debug|x86
		{D97E400C-5C18-4414-9E53-6A660ED3395F}.Debug|x86.Build.0 = Debug|x86
		{D97E400C-5C18-4414-9E53-6A660ED3395F}.Release|Any CPU.ActiveCfg = Release|x86
		{D97E400C-5C18-4414-9E53-6A660ED3395F}.Release|Mixed Platforms.ActiveCfg = Release|x86
		{D97E400C-5C18-4414-9E53-6A660ED3395F}.Release|Mixed Platforms.Build.0 = Release|x86
		{D97E400C-5C18-4414-9E53-6A660ED3395F}.Release|x86.ActiveCfg = Release|x86
		{D97E400C-5C18-4414-9E53-6A660ED3395F}.Release|x86.Build.0 = Release|x86
		{C3975DEF-46C4-40AE-88E9-4ADF165B57CD}.Debug|Any CPU.ActiveCfg = Debug|x86
		{C3975DEF-46C4-40AE-88E9-4ADF165B57CD}.Debug|Mixed Platforms.ActiveCfg = Debug|x86
		{C3975DEF-46C4-40AE-88E9-4ADF165B57CD}.Debug|Mixed Platforms.Build.0 = Debug|x86
		{C3975DEF-46C4-40AE-88E9-4ADF165B57CD}.Debug|x86.ActiveCfg = Debug|x86
		{C3975DEF-46C4-40AE-88E9-4ADF165B57CD}.Debug|x86.Build.0 = Debug|x86
		{C3975DEF-46C4-40AE-88E9-4ADF165B57CD}.Release|Any CPU.ActiveCfg = Release|x86
		{C3975DEF-46C4-40AE-88E9-4ADF165B57CD}.Release|Mixed Platforms.ActiveCfg = Release|x86
		{C3975DEF-46C4-40AE-88E9-4ADF165B57CD}.Release|Mixed Platforms.Build.0 = Release|x86
		{C3975DEF-46C4-40AE-88E9-4ADF165B57CD}.Release|x86.ActiveCfg = Release|x86
		{C3975DEF-46C4-40AE-88E9-4ADF165B57CD}.Release|x86.Build.0 = Release|x86
		{E52B07FF-1164-4277-8100-2710CC6E9B46}.Debug|Any CPU.ActiveCfg = Debug|Any CPU
		{E52B07FF-1164-4277-8100-2710CC6E9B46}.Debug|Any CPU.Build.0 = Debug|Any CPU
		{E52B07FF-1164-4277-8100-2710CC6E9B46}.Debug|Mixed Platforms.ActiveCfg = Debug|Any CPU
		{E52B07FF-1164-4277-8100-2710CC6E9B46}.Debug|Mixed Platforms.Build.0 = Debug|Any CPU
		{E52B07FF-1164-4277-8100-2710CC6E9B46}.Debug|x86.ActiveCfg = Debug|Any CPU
		{E52B07FF-1164-4277-8100-2710CC6E9B46}.Release|Any CPU.ActiveCfg = Release|Any CPU
		{E52B07FF-1164-4277-8100-2710CC6E9B46}.Release|Any CPU.Build.0 = Release|Any CPU
		{E52B07FF-1164-4277-8100-2710CC6E9B46}.Release|Mixed Platforms.ActiveCfg = Release|Any CPU
		{E52B07FF-1164-4277-8100-2710CC6E9B46}.Release|Mixed Platforms.Build.0 = Release|Any CPU
		{E52B07FF-1164-4277-8100-2710CC6E9B46}.Release|x86.ActiveCfg = Release|Any CPU
		{5EFFEE08-89B7-45ED-8129-2D4D8B59D42F}.Debug|Any CPU.ActiveCfg = Debug|Any CPU
		{5EFFEE08-89B7-45ED-8129-2D4D8B59D42F}.Debug|Any CPU.Build.0 = Debug|Any CPU
		{5EFFEE08-89B7-45ED-8129-2D4D8B59D42F}.Debug|Mixed Platforms.ActiveCfg = Debug|Any CPU
		{5EFFEE08-89B7-45ED-8129-2D4D8B59D42F}.Debug|Mixed Platforms.Build.0 = Debug|Any CPU
		{5EFFEE08-89B7-45ED-8129-2D4D8B59D42F}.Debug|x86.ActiveCfg = Debug|Any CPU
		{5EFFEE08-89B7-45ED-8129-2D4D8B59D42F}.Release|Any CPU.ActiveCfg = Release|Any CPU
		{5EFFEE08-89B7-45ED-8129-2D4D8B59D42F}.Release|Any CPU.Build.0 = Release|Any CPU
		{5EFFEE08-89B7-45ED-8129-2D4D8B59D42F}.Release|Mixed Platforms.ActiveCfg = Release|Any CPU
		{5EFFEE08-89B7-45ED-8129-2D4D8B59D42F}.Release|Mixed Platforms.Build.0 = Release|Any CPU
		{5EFFEE08-89B7-45ED-8129-2D4D8B59D42F}.Release|x86.ActiveCfg = Release|Any CPU
		{F5DBE90D-7F1C-4730-AF6F-C091B3A49425}.Debug|Any CPU.ActiveCfg = Debug|Any CPU
		{F5DBE90D-7F1C-4730-AF6F-C091B3A49425}.Debug|Any CPU.Build.0 = Debug|Any CPU
		{F5DBE90D-7F1C-4730-AF6F-C091B3A49425}.Debug|Mixed Platforms.ActiveCfg = Debug|Any CPU
		{F5DBE90D-7F1C-4730-AF6F-C091B3A49425}.Debug|Mixed Platforms.Build.0 = Debug|Any CPU
		{F5DBE90D-7F1C-4730-AF6F-C091B3A49425}.Debug|x86.ActiveCfg = Debug|Any CPU
		{F5DBE90D-7F1C-4730-AF6F-C091B3A49425}.Release|Any CPU.ActiveCfg = Release|Any CPU
		{F5DBE90D-7F1C-4730-AF6F-C091B3A49425}.Release|Any CPU.Build.0 = Release|Any CPU
		{F5DBE90D-7F1C-4730-AF6F-C091B3A49425}.Release|Mixed Platforms.ActiveCfg = Release|Any CPU
		{F5DBE90D-7F1C-4730-AF6F-C091B3A49425}.Release|Mixed Platforms.Build.0 = Release|Any CPU
		{F5DBE90D-7F1C-4730-AF6F-C091B3A49425}.Release|x86.ActiveCfg = Release|Any CPU
		{28A4EBBE-D60D-421B-B0DF-DFE60E47F119}.Debug|Any CPU.ActiveCfg = Debug|Any CPU
		{28A4EBBE-D60D-421B-B0DF-DFE60E47F119}.Debug|Any CPU.Build.0 = Debug|Any CPU
		{28A4EBBE-D60D-421B-B0DF-DFE60E47F119}.Debug|Mixed Platforms.ActiveCfg = Debug|Any CPU
		{28A4EBBE-D60D-421B-B0DF-DFE60E47F119}.Debug|Mixed Platforms.Build.0 = Debug|Any CPU
		{28A4EBBE-D60D-421B-B0DF-DFE60E47F119}.Debug|x86.ActiveCfg = Debug|Any CPU
		{28A4EBBE-D60D-421B-B0DF-DFE60E47F119}.Release|Any CPU.ActiveCfg = Release|Any CPU
		{28A4EBBE-D60D-421B-B0DF-DFE60E47F119}.Release|Any CPU.Build.0 = Release|Any CPU
		{28A4EBBE-D60D-421B-B0DF-DFE60E47F119}.Release|Mixed Platforms.ActiveCfg = Release|Any CPU
		{28A4EBBE-D60D-421B-B0DF-DFE60E47F119}.Release|Mixed Platforms.Build.0 = Release|Any CPU
		{28A4EBBE-D60D-421B-B0DF-DFE60E47F119}.Release|x86.ActiveCfg = Release|Any CPU
	EndGlobalSection
	GlobalSection(SolutionProperties) = preSolution
		HideSolutionNode = FALSE
	EndGlobalSection
	GlobalSection(NestedProjects) = preSolution
		{E52B07FF-1164-4277-8100-2710CC6E9B46} = {F65CA626-6824-4F46-B9DE-8310C78B9D0B}
		{5EFFEE08-89B7-45ED-8129-2D4D8B59D42F} = {F65CA626-6824-4F46-B9DE-8310C78B9D0B}
		{C3975DEF-46C4-40AE-88E9-4ADF165B57CD} = {72F24324-442C-456C-864C-31B00FCA1319}
		{28A4EBBE-D60D-421B-B0DF-DFE60E47F119} = {72F24324-442C-456C-864C-31B00FCA1319}
		{89A4111C-03EE-4A16-8B57-AB0BFA47E965} = {34F6C63D-0C6A-4189-BB57-AEF34DF14FC7}
		{EBA17721-864F-451E-BB67-A01B11D38D8F} = {34F6C63D-0C6A-4189-BB57-AEF34DF14FC7}
		{44CD9AF5-D50F-4793-A8A9-C4A0A3568BE9} = {AD7F660D-F20A-4818-AC11-D66FDFA296AB}
		{B039C63D-4C77-4347-9636-13E5F50E35EF} = {AD7F660D-F20A-4818-AC11-D66FDFA296AB}
		{98150D03-B191-476D-B192-B5B755E26E8E} = {44CD9AF5-D50F-4793-A8A9-C4A0A3568BE9}
		{F0CA02B9-6921-427D-85CB-A164C4939E82} = {44CD9AF5-D50F-4793-A8A9-C4A0A3568BE9}
		{F5DBE90D-7F1C-4730-AF6F-C091B3A49425} = {44CD9AF5-D50F-4793-A8A9-C4A0A3568BE9}
		{4D4E92D5-18E8-460B-ACF3-83B19851E358} = {44CD9AF5-D50F-4793-A8A9-C4A0A3568BE9}
		{59814C32-5A3B-4AEE-94FA-502EA57CDF70} = {B039C63D-4C77-4347-9636-13E5F50E35EF}
		{74F0E6EA-1810-4088-B4C5-3941A739D640} = {B039C63D-4C77-4347-9636-13E5F50E35EF}
		{95A077DF-1201-40A2-A869-8E1FFE401E26} = {B039C63D-4C77-4347-9636-13E5F50E35EF}
		{5A3A2291-4220-4BDC-94C0-F48AB18ED0BD} = {89A4111C-03EE-4A16-8B57-AB0BFA47E965}
		{D7E981BB-19E7-4D85-A24B-D4295BAF87CD} = {89A4111C-03EE-4A16-8B57-AB0BFA47E965}
		{6F82F34C-72F8-4C1F-9B41-2EE88C54AB01} = {EBA17721-864F-451E-BB67-A01B11D38D8F}
		{D97E400C-5C18-4414-9E53-6A660ED3395F} = {EBA17721-864F-451E-BB67-A01B11D38D8F}
	EndGlobalSection
EndGlobal
